// !$*UTF8*$!
{
	archiveVersion = 1;
	classes = {
	};
	objectVersion = 50;
	objects = {

/* Begin PBXBuildFile section */
		84AF701C21EE7BDB00554D32 /* AppDelegate.swift in Sources */ = {isa = PBXBuildFile; fileRef = 84AF701B21EE7BDB00554D32 /* AppDelegate.swift */; };
		84AF701E21EE7BDB00554D32 /* ViewController.swift in Sources */ = {isa = PBXBuildFile; fileRef = 84AF701D21EE7BDB00554D32 /* ViewController.swift */; };
		84AF702121EE7BDB00554D32 /* Main.storyboard in Resources */ = {isa = PBXBuildFile; fileRef = 84AF701F21EE7BDB00554D32 /* Main.storyboard */; };
		84AF702321EE7BDC00554D32 /* Assets.xcassets in Resources */ = {isa = PBXBuildFile; fileRef = 84AF702221EE7BDC00554D32 /* Assets.xcassets */; };
		84AF702621EE7BDC00554D32 /* LaunchScreen.storyboard in Resources */ = {isa = PBXBuildFile; fileRef = 84AF702421EE7BDC00554D32 /* LaunchScreen.storyboard */; };
		84AF702E21EE7EAE00554D32 /* CustomControl.swift in Sources */ = {isa = PBXBuildFile; fileRef = 84AF702D21EE7EAE00554D32 /* CustomControl.swift */; };
/* End PBXBuildFile section */

/* Begin PBXFileReference section */
		84AF701821EE7BDB00554D32 /* UICustom Control Async.app */ = {isa = PBXFileReference; explicitFileType = wrapper.application; includeInIndex = 0; path = "UICustom Control Async.app"; sourceTree = BUILT_PRODUCTS_DIR; };
		84AF701B21EE7BDB00554D32 /* AppDelegate.swift */ = {isa = PBXFileReference; lastKnownFileType = sourcecode.swift; path = AppDelegate.swift; sourceTree = "<group>"; };
		84AF701D21EE7BDB00554D32 /* ViewController.swift */ = {isa = PBXFileReference; lastKnownFileType = sourcecode.swift; path = ViewController.swift; sourceTree = "<group>"; };
		84AF702021EE7BDB00554D32 /* Base */ = {isa = PBXFileReference; lastKnownFileType = file.storyboard; name = Base; path = Base.lproj/Main.storyboard; sourceTree = "<group>"; };
		84AF702221EE7BDC00554D32 /* Assets.xcassets */ = {isa = PBXFileReference; lastKnownFileType = folder.assetcatalog; path = Assets.xcassets; sourceTree = "<group>"; };
		84AF702521EE7BDC00554D32 /* Base */ = {isa = PBXFileReference; lastKnownFileType = file.storyboard; name = Base; path = Base.lproj/LaunchScreen.storyboard; sourceTree = "<group>"; };
		84AF702721EE7BDC00554D32 /* Info.plist */ = {isa = PBXFileReference; lastKnownFileType = text.plist.xml; path = Info.plist; sourceTree = "<group>"; };
		84AF702D21EE7EAE00554D32 /* CustomControl.swift */ = {isa = PBXFileReference; lastKnownFileType = sourcecode.swift; path = CustomControl.swift; sourceTree = "<group>"; };
/* End PBXFileReference section */

/* Begin PBXFrameworksBuildPhase section */
		84AF701521EE7BDB00554D32 /* Frameworks */ = {
			isa = PBXFrameworksBuildPhase;
			buildActionMask = 2147483647;
			files = (
			);
			runOnlyForDeploymentPostprocessing = 0;
		};
/* End PBXFrameworksBuildPhase section */

/* Begin PBXGroup section */
		84AF700F21EE7BDB00554D32 = {
			isa = PBXGroup;
			children = (
				84AF701A21EE7BDB00554D32 /* UICustom Control Async */,
				84AF701921EE7BDB00554D32 /* Products */,
			);
			sourceTree = "<group>";
		};
		84AF701921EE7BDB00554D32 /* Products */ = {
			isa = PBXGroup;
			children = (
				84AF701821EE7BDB00554D32 /* UICustom Control Async.app */,
			);
			name = Products;
			sourceTree = "<group>";
		};
		84AF701A21EE7BDB00554D32 /* UICustom Control Async */ = {
			isa = PBXGroup;
			children = (
				84AF701B21EE7BDB00554D32 /* AppDelegate.swift */,
				84AF701D21EE7BDB00554D32 /* ViewController.swift */,
				84AF701F21EE7BDB00554D32 /* Main.storyboard */,
				84AF702D21EE7EAE00554D32 /* CustomControl.swift */,
				84AF702221EE7BDC00554D32 /* Assets.xcassets */,
				84AF702421EE7BDC00554D32 /* LaunchScreen.storyboard */,
				84AF702721EE7BDC00554D32 /* Info.plist */,
			);
			path = "UICustom Control Async";
			sourceTree = "<group>";
		};
/* End PBXGroup section */

/* Begin PBXNativeTarget section */
		84AF701721EE7BDB00554D32 /* UICustom Control Async */ = {
			isa = PBXNativeTarget;
			buildConfigurationList = 84AF702A21EE7BDC00554D32 /* Build configuration list for PBXNativeTarget "UICustom Control Async" */;
			buildPhases = (
				84AF701421EE7BDB00554D32 /* Sources */,
				84AF701521EE7BDB00554D32 /* Frameworks */,
				84AF701621EE7BDB00554D32 /* Resources */,
			);
			buildRules = (
			);
			dependencies = (
			);
			name = "UICustom Control Async";
			productName = "UICustom Control Async";
			productReference = 84AF701821EE7BDB00554D32 /* UICustom Control Async.app */;
			productType = "com.apple.product-type.application";
		};
/* End PBXNativeTarget section */

/* Begin PBXProject section */
		84AF701021EE7BDB00554D32 /* Project object */ = {
			isa = PBXProject;
			attributes = {
				LastSwiftUpdateCheck = 1010;
				LastUpgradeCheck = 1010;
				ORGANIZATIONNAME = "Audrey Welch";
				TargetAttributes = {
					84AF701721EE7BDB00554D32 = {
						CreatedOnToolsVersion = 10.1;
					};
				};
			};
			buildConfigurationList = 84AF701321EE7BDB00554D32 /* Build configuration list for PBXProject "UICustom Control Async" */;
			compatibilityVersion = "Xcode 9.3";
			developmentRegion = en;
			hasScannedForEncodings = 0;
			knownRegions = (
				en,
				Base,
			);
			mainGroup = 84AF700F21EE7BDB00554D32;
			productRefGroup = 84AF701921EE7BDB00554D32 /* Products */;
			projectDirPath = "";
			projectRoot = "";
			targets = (
				84AF701721EE7BDB00554D32 /* UICustom Control Async */,
			);
		};
/* End PBXProject section */

/* Begin PBXResourcesBuildPhase section */
		84AF701621EE7BDB00554D32 /* Resources */ = {
			isa = PBXResourcesBuildPhase;
			buildActionMask = 2147483647;
			files = (
				84AF702621EE7BDC00554D32 /* LaunchScreen.storyboard in Resources */,
				84AF702321EE7BDC00554D32 /* Assets.xcassets in Resources */,
				84AF702121EE7BDB00554D32 /* Main.storyboard in Resources */,
			);
			runOnlyForDeploymentPostprocessing = 0;
		};
/* End PBXResourcesBuildPhase section */

/* Begin PBXSourcesBuildPhase section */
		84AF701421EE7BDB00554D32 /* Sources */ = {
			isa = PBXSourcesBuildPhase;
			buildActionMask = 2147483647;
			files = (
				84AF701E21EE7BDB00554D32 /* ViewController.swift in Sources */,
				84AF702E21EE7EAE00554D32 /* CustomControl.swift in Sources */,
				84AF701C21EE7BDB00554D32 /* AppDelegate.swift in Sources */,
			);
			runOnlyForDeploymentPostprocessing = 0;
		};
/* End PBXSourcesBuildPhase section */

/* Begin PBXVariantGroup section */
		84AF701F21EE7BDB00554D32 /* Main.storyboard */ = {
			isa = PBXVariantGroup;
			children = (
				84AF702021EE7BDB00554D32 /* Base */,
			);
			name = Main.storyboard;
			sourceTree = "<group>";
		};
		84AF702421EE7BDC00554D32 /* LaunchScreen.storyboard */ = {
			isa = PBXVariantGroup;
			children = (
				84AF702521EE7BDC00554D32 /* Base */,
			);
			name = LaunchScreen.storyboard;
			sourceTree = "<group>";
		};
/* End PBXVariantGroup section */

/* Begin XCBuildConfiguration section */
		84AF702821EE7BDC00554D32 /* Debug */ = {
			isa = XCBuildConfiguration;
			buildSettings = {
				ALWAYS_SEARCH_USER_PATHS = NO;
				CLANG_ANALYZER_NONNULL = YES;
				CLANG_ANALYZER_NUMBER_OBJECT_CONVERSION = YES_AGGRESSIVE;
				CLANG_CXX_LANGUAGE_STANDARD = "gnu++14";
				CLANG_CXX_LIBRARY = "libc++";
				CLANG_ENABLE_MODULES = YES;
				CLANG_ENABLE_OBJC_ARC = YES;
				CLANG_ENABLE_OBJC_WEAK = YES;
				CLANG_WARN_BLOCK_CAPTURE_AUTORELEASING = YES;
				CLANG_WARN_BOOL_CONVERSION = YES;
				CLANG_WARN_COMMA = YES;
				CLANG_WARN_CONSTANT_CONVERSION = YES;
				CLANG_WARN_DEPRECATED_OBJC_IMPLEMENTATIONS = YES;
				CLANG_WARN_DIRECT_OBJC_ISA_USAGE = YES_ERROR;
				CLANG_WARN_DOCUMENTATION_COMMENTS = YES;
				CLANG_WARN_EMPTY_BODY = YES;
				CLANG_WARN_ENUM_CONVERSION = YES;
				CLANG_WARN_INFINITE_RECURSION = YES;
				CLANG_WARN_INT_CONVERSION = YES;
				CLANG_WARN_NON_LITERAL_NULL_CONVERSION = YES;
				CLANG_WARN_OBJC_IMPLICIT_RETAIN_SELF = YES;
				CLANG_WARN_OBJC_LITERAL_CONVERSION = YES;
				CLANG_WARN_OBJC_ROOT_CLASS = YES_ERROR;
				CLANG_WARN_RANGE_LOOP_ANALYSIS = YES;
				CLANG_WARN_STRICT_PROTOTYPES = YES;
				CLANG_WARN_SUSPICIOUS_MOVE = YES;
				CLANG_WARN_UNGUARDED_AVAILABILITY = YES_AGGRESSIVE;
				CLANG_WARN_UNREACHABLE_CODE = YES;
				CLANG_WARN__DUPLICATE_METHOD_MATCH = YES;
				CODE_SIGN_IDENTITY = "iPhone Developer";
				COPY_PHASE_STRIP = NO;
				DEBUG_INFORMATION_FORMAT = dwarf;
				ENABLE_STRICT_OBJC_MSGSEND = YES;
				ENABLE_TESTABILITY = YES;
				GCC_C_LANGUAGE_STANDARD = gnu11;
				GCC_DYNAMIC_NO_PIC = NO;
				GCC_NO_COMMON_BLOCKS = YES;
				GCC_OPTIMIZATION_LEVEL = 0;
				GCC_PREPROCESSOR_DEFINITIONS = (
					"DEBUG=1",
					"$(inherited)",
				);
				GCC_WARN_64_TO_32_BIT_CONVERSION = YES;
				GCC_WARN_ABOUT_RETURN_TYPE = YES_ERROR;
				GCC_WARN_UNDECLARED_SELECTOR = YES;
				GCC_WARN_UNINITIALIZED_AUTOS = YES_AGGRESSIVE;
				GCC_WARN_UNUSED_FUNCTION = YES;
				GCC_WARN_UNUSED_VARIABLE = YES;
				IPHONEOS_DEPLOYMENT_TARGET = 12.1;
				MTL_ENABLE_DEBUG_INFO = INCLUDE_SOURCE;
				MTL_FAST_MATH = YES;
				ONLY_ACTIVE_ARCH = YES;
				SDKROOT = iphoneos;
				SWIFT_ACTIVE_COMPILATION_CONDITIONS = DEBUG;
				SWIFT_OPTIMIZATION_LEVEL = "-Onone";
			};
			name = Debug;
		};
		84AF702921EE7BDC00554D32 /* Release */ = {
			isa = XCBuildConfiguration;
			buildSettings = {
				ALWAYS_SEARCH_USER_PATHS = NO;
				CLANG_ANALYZER_NONNULL = YES;
				CLANG_ANALYZER_NUMBER_OBJECT_CONVERSION = YES_AGGRESSIVE;
				CLANG_CXX_LANGUAGE_STANDARD = "gnu++14";
				CLANG_CXX_LIBRARY = "libc++";
				CLANG_ENABLE_MODULES = YES;
				CLANG_ENABLE_OBJC_ARC = YES;
				CLANG_ENABLE_OBJC_WEAK = YES;
				CLANG_WARN_BLOCK_CAPTURE_AUTORELEASING = YES;
				CLANG_WARN_BOOL_CONVERSION = YES;
				CLANG_WARN_COMMA = YES;
				CLANG_WARN_CONSTANT_CONVERSION = YES;
				CLANG_WARN_DEPRECATED_OBJC_IMPLEMENTATIONS = YES;
				CLANG_WARN_DIRECT_OBJC_ISA_USAGE = YES_ERROR;
				CLANG_WARN_DOCUMENTATION_COMMENTS = YES;
				CLANG_WARN_EMPTY_BODY = YES;
				CLANG_WARN_ENUM_CONVERSION = YES;
				CLANG_WARN_INFINITE_RECURSION = YES;
				CLANG_WARN_INT_CONVERSION = YES;
				CLANG_WARN_NON_LITERAL_NULL_CONVERSION = YES;
				CLANG_WARN_OBJC_IMPLICIT_RETAIN_SELF = YES;
				CLANG_WARN_OBJC_LITERAL_CONVERSION = YES;
				CLANG_WARN_OBJC_ROOT_CLASS = YES_ERROR;
				CLANG_WARN_RANGE_LOOP_ANALYSIS = YES;
				CLANG_WARN_STRICT_PROTOTYPES = YES;
				CLANG_WARN_SUSPICIOUS_MOVE = YES;
				CLANG_WARN_UNGUARDED_AVAILABILITY = YES_AGGRESSIVE;
				CLANG_WARN_UNREACHABLE_CODE = YES;
				CLANG_WARN__DUPLICATE_METHOD_MATCH = YES;
				CODE_SIGN_IDENTITY = "iPhone Developer";
				COPY_PHASE_STRIP = NO;
				DEBUG_INFORMATION_FORMAT = "dwarf-with-dsym";
				ENABLE_NS_ASSERTIONS = NO;
				ENABLE_STRICT_OBJC_MSGSEND = YES;
				GCC_C_LANGUAGE_STANDARD = gnu11;
				GCC_NO_COMMON_BLOCKS = YES;
				GCC_WARN_64_TO_32_BIT_CONVERSION = YES;
				GCC_WARN_ABOUT_RETURN_TYPE = YES_ERROR;
				GCC_WARN_UNDECLARED_SELECTOR = YES;
				GCC_WARN_UNINITIALIZED_AUTOS = YES_AGGRESSIVE;
				GCC_WARN_UNUSED_FUNCTION = YES;
				GCC_WARN_UNUSED_VARIABLE = YES;
				IPHONEOS_DEPLOYMENT_TARGET = 12.1;
				MTL_ENABLE_DEBUG_INFO = NO;
				MTL_FAST_MATH = YES;
				SDKROOT = iphoneos;
				SWIFT_COMPILATION_MODE = wholemodule;
				SWIFT_OPTIMIZATION_LEVEL = "-O";
				VALIDATE_PRODUCT = YES;
			};
			name = Release;
		};
		84AF702B21EE7BDC00554D32 /* Debug */ = {
			isa = XCBuildConfiguration;
			buildSettings = {
				ASSETCATALOG_COMPILER_APPICON_NAME = AppIcon;
				CODE_SIGN_STYLE = Automatic;
				INFOPLIST_FILE = "UICustom Control Async/Info.plist";
				LD_RUNPATH_SEARCH_PATHS = (
					"$(inherited)",
					"@executable_path/Frameworks",
				);
				PRODUCT_BUNDLE_IDENTIFIER = "com.audreywelch.UICustom-Control-Async";
				PRODUCT_NAME = "$(TARGET_NAME)";
				SWIFT_VERSION = 4.2;
				TARGETED_DEVICE_FAMILY = "1,2";
			};
			name = Debug;
		};
		84AF702C21EE7BDC00554D32 /* Release */ = {
			isa = XCBuildConfiguration;
			buildSettings = {
				ASSETCATALOG_COMPILER_APPICON_NAME = AppIcon;
				CODE_SIGN_STYLE = Automatic;
				INFOPLIST_FILE = "UICustom Control Async/Info.plist";
				LD_RUNPATH_SEARCH_PATHS = (
					"$(inherited)",
					"@executable_path/Frameworks",
				);
				PRODUCT_BUNDLE_IDENTIFIER = "com.audreywelch.UICustom-Control-Async";
				PRODUCT_NAME = "$(TARGET_NAME)";
				SWIFT_VERSION = 4.2;
				TARGETED_DEVICE_FAMILY = "1,2";
			};
			name = Release;
		};
/* End XCBuildConfiguration section */

/* Begin XCConfigurationList section */
		84AF701321EE7BDB00554D32 /* Build configuration list for PBXProject "UICustom Control Async" */ = {
			isa = XCConfigurationList;
			buildConfigurations = (
				84AF702821EE7BDC00554D32 /* Debug */,
				84AF702921EE7BDC00554D32 /* Release */,
			);
			defaultConfigurationIsVisible = 0;
			defaultConfigurationName = Release;
		};
		84AF702A21EE7BDC00554D32 /* Build configuration list for PBXNativeTarget "UICustom Control Async" */ = {
			isa = XCConfigurationList;
			buildConfigurations = (
				84AF702B21EE7BDC00554D32 /* Debug */,
				84AF702C21EE7BDC00554D32 /* Release */,
			);
			defaultConfigurationIsVisible = 0;
			defaultConfigurationName = Release;
		};
/* End XCConfigurationList section */
	};
	rootObject = 84AF701021EE7BDB00554D32 /* Project object */;
}
