// !$*UTF8*$!
{
	archiveVersion = 1;
	classes = {
	};
	objectVersion = 50;
	objects = {

/* Begin PBXBuildFile section */
		48550E8F21E7E4F70055C35F /* AppDelegate.swift in Sources */ = {isa = PBXBuildFile; fileRef = 48550E8E21E7E4F70055C35F /* AppDelegate.swift */; };
		48550E9121E7E4F70055C35F /* DetailViewController.swift in Sources */ = {isa = PBXBuildFile; fileRef = 48550E9021E7E4F70055C35F /* DetailViewController.swift */; };
		48550E9421E7E4F70055C35F /* Main.storyboard in Resources */ = {isa = PBXBuildFile; fileRef = 48550E9221E7E4F70055C35F /* Main.storyboard */; };
		48550E9621E7E4F90055C35F /* Assets.xcassets in Resources */ = {isa = PBXBuildFile; fileRef = 48550E9521E7E4F90055C35F /* Assets.xcassets */; };
		48550E9921E7E4F90055C35F /* LaunchScreen.storyboard in Resources */ = {isa = PBXBuildFile; fileRef = 48550E9721E7E4F90055C35F /* LaunchScreen.storyboard */; };
		48550EA121E7E9DC0055C35F /* TableViewController.swift in Sources */ = {isa = PBXBuildFile; fileRef = 48550EA021E7E9DC0055C35F /* TableViewController.swift */; };
		48C75F9C21E7F23A004B5FC2 /* Model.swift in Sources */ = {isa = PBXBuildFile; fileRef = 48C75F9B21E7F23A004B5FC2 /* Model.swift */; };
		48C75F9E21E7F533004B5FC2 /* Contact.swift in Sources */ = {isa = PBXBuildFile; fileRef = 48C75F9D21E7F533004B5FC2 /* Contact.swift */; };
		48C75FA021E7F61F004B5FC2 /* TableViewCell.swift in Sources */ = {isa = PBXBuildFile; fileRef = 48C75F9F21E7F61F004B5FC2 /* TableViewCell.swift */; };
/* End PBXBuildFile section */

/* Begin PBXFileReference section */
		48550E8B21E7E4F70055C35F /* Friends.app */ = {isa = PBXFileReference; explicitFileType = wrapper.application; includeInIndex = 0; path = Friends.app; sourceTree = BUILT_PRODUCTS_DIR; };
		48550E8E21E7E4F70055C35F /* AppDelegate.swift */ = {isa = PBXFileReference; lastKnownFileType = sourcecode.swift; path = AppDelegate.swift; sourceTree = "<group>"; };
		48550E9021E7E4F70055C35F /* DetailViewController.swift */ = {isa = PBXFileReference; lastKnownFileType = sourcecode.swift; path = DetailViewController.swift; sourceTree = "<group>"; };
		48550E9321E7E4F70055C35F /* Base */ = {isa = PBXFileReference; lastKnownFileType = file.storyboard; name = Base; path = Base.lproj/Main.storyboard; sourceTree = "<group>"; };
		48550E9521E7E4F90055C35F /* Assets.xcassets */ = {isa = PBXFileReference; lastKnownFileType = folder.assetcatalog; path = Assets.xcassets; sourceTree = "<group>"; };
		48550E9821E7E4F90055C35F /* Base */ = {isa = PBXFileReference; lastKnownFileType = file.storyboard; name = Base; path = Base.lproj/LaunchScreen.storyboard; sourceTree = "<group>"; };
		48550E9A21E7E4F90055C35F /* Info.plist */ = {isa = PBXFileReference; lastKnownFileType = text.plist.xml; path = Info.plist; sourceTree = "<group>"; };
		48550EA021E7E9DC0055C35F /* TableViewController.swift */ = {isa = PBXFileReference; lastKnownFileType = sourcecode.swift; path = TableViewController.swift; sourceTree = "<group>"; };
		48C75F9B21E7F23A004B5FC2 /* Model.swift */ = {isa = PBXFileReference; lastKnownFileType = sourcecode.swift; path = Model.swift; sourceTree = "<group>"; };
		48C75F9D21E7F533004B5FC2 /* Contact.swift */ = {isa = PBXFileReference; lastKnownFileType = sourcecode.swift; path = Contact.swift; sourceTree = "<group>"; };
		48C75F9F21E7F61F004B5FC2 /* TableViewCell.swift */ = {isa = PBXFileReference; lastKnownFileType = sourcecode.swift; path = TableViewCell.swift; sourceTree = "<group>"; };
/* End PBXFileReference section */

/* Begin PBXFrameworksBuildPhase section */
		48550E8821E7E4F70055C35F /* Frameworks */ = {
			isa = PBXFrameworksBuildPhase;
			buildActionMask = 2147483647;
			files = (
			);
			runOnlyForDeploymentPostprocessing = 0;
		};
/* End PBXFrameworksBuildPhase section */

/* Begin PBXGroup section */
		48550E8221E7E4F70055C35F = {
			isa = PBXGroup;
			children = (
				48550E8D21E7E4F70055C35F /* Friends */,
				48550E8C21E7E4F70055C35F /* Products */,
			);
			sourceTree = "<group>";
		};
		48550E8C21E7E4F70055C35F /* Products */ = {
			isa = PBXGroup;
			children = (
				48550E8B21E7E4F70055C35F /* Friends.app */,
			);
			name = Products;
			sourceTree = "<group>";
		};
		48550E8D21E7E4F70055C35F /* Friends */ = {
			isa = PBXGroup;
			children = (
				48550E8E21E7E4F70055C35F /* AppDelegate.swift */,
				48C75F9B21E7F23A004B5FC2 /* Model.swift */,
				48C75F9D21E7F533004B5FC2 /* Contact.swift */,
				48C75F9F21E7F61F004B5FC2 /* TableViewCell.swift */,
				48550EA021E7E9DC0055C35F /* TableViewController.swift */,
				48550E9021E7E4F70055C35F /* DetailViewController.swift */,
				48550E9221E7E4F70055C35F /* Main.storyboard */,
				48550E9521E7E4F90055C35F /* Assets.xcassets */,
				48550E9721E7E4F90055C35F /* LaunchScreen.storyboard */,
				48550E9A21E7E4F90055C35F /* Info.plist */,
			);
			path = Friends;
			sourceTree = "<group>";
		};
/* End PBXGroup section */

/* Begin PBXNativeTarget section */
		48550E8A21E7E4F70055C35F /* Friends */ = {
			isa = PBXNativeTarget;
			buildConfigurationList = 48550E9D21E7E4F90055C35F /* Build configuration list for PBXNativeTarget "Friends" */;
			buildPhases = (
				48550E8721E7E4F70055C35F /* Sources */,
				48550E8821E7E4F70055C35F /* Frameworks */,
				48550E8921E7E4F70055C35F /* Resources */,
			);
			buildRules = (
			);
			dependencies = (
			);
			name = Friends;
			productName = Friends;
			productReference = 48550E8B21E7E4F70055C35F /* Friends.app */;
			productType = "com.apple.product-type.application";
		};
/* End PBXNativeTarget section */

/* Begin PBXProject section */
		48550E8321E7E4F70055C35F /* Project object */ = {
			isa = PBXProject;
			attributes = {
				LastSwiftUpdateCheck = 1010;
				LastUpgradeCheck = 1010;
				ORGANIZATIONNAME = Frulwinn;
				TargetAttributes = {
					48550E8A21E7E4F70055C35F = {
						CreatedOnToolsVersion = 10.1;
					};
				};
			};
			buildConfigurationList = 48550E8621E7E4F70055C35F /* Build configuration list for PBXProject "Friends" */;
			compatibilityVersion = "Xcode 9.3";
			developmentRegion = en;
			hasScannedForEncodings = 0;
			knownRegions = (
				en,
				Base,
			);
			mainGroup = 48550E8221E7E4F70055C35F;
			productRefGroup = 48550E8C21E7E4F70055C35F /* Products */;
			projectDirPath = "";
			projectRoot = "";
			targets = (
				48550E8A21E7E4F70055C35F /* Friends */,
			);
		};
/* End PBXProject section */

/* Begin PBXResourcesBuildPhase section */
		48550E8921E7E4F70055C35F /* Resources */ = {
			isa = PBXResourcesBuildPhase;
			buildActionMask = 2147483647;
			files = (
				48550E9921E7E4F90055C35F /* LaunchScreen.storyboard in Resources */,
				48550E9621E7E4F90055C35F /* Assets.xcassets in Resources */,
				48550E9421E7E4F70055C35F /* Main.storyboard in Resources */,
			);
			runOnlyForDeploymentPostprocessing = 0;
		};
/* End PBXResourcesBuildPhase section */

/* Begin PBXSourcesBuildPhase section */
		48550E8721E7E4F70055C35F /* Sources */ = {
			isa = PBXSourcesBuildPhase;
			buildActionMask = 2147483647;
			files = (
				48C75F9E21E7F533004B5FC2 /* Contact.swift in Sources */,
				48550E9121E7E4F70055C35F /* DetailViewController.swift in Sources */,
				48550EA121E7E9DC0055C35F /* TableViewController.swift in Sources */,
				48C75FA021E7F61F004B5FC2 /* TableViewCell.swift in Sources */,
				48550E8F21E7E4F70055C35F /* AppDelegate.swift in Sources */,
				48C75F9C21E7F23A004B5FC2 /* Model.swift in Sources */,
			);
			runOnlyForDeploymentPostprocessing = 0;
		};
/* End PBXSourcesBuildPhase section */

/* Begin PBXVariantGroup section */
		48550E9221E7E4F70055C35F /* Main.storyboard */ = {
			isa = PBXVariantGroup;
			children = (
				48550E9321E7E4F70055C35F /* Base */,
			);
			name = Main.storyboard;
			sourceTree = "<group>";
		};
		48550E9721E7E4F90055C35F /* LaunchScreen.storyboard */ = {
			isa = PBXVariantGroup;
			children = (
				48550E9821E7E4F90055C35F /* Base */,
			);
			name = LaunchScreen.storyboard;
			sourceTree = "<group>";
		};
/* End PBXVariantGroup section */

/* Begin XCBuildConfiguration section */
		48550E9B21E7E4F90055C35F /* Debug */ = {
			isa = XCBuildConfiguration;
			buildSettings = {
				ALWAYS_SEARCH_USER_PATHS = NO;
				CLANG_ANALYZER_NONNULL = YES;
				CLANG_ANALYZER_NUMBER_OBJECT_CONVERSION = YES_AGGRESSIVE;
				CLANG_CXX_LANGUAGE_STANDARD = "gnu++14";
				CLANG_CXX_LIBRARY = "libc++";
				CLANG_ENABLE_MODULES = YES;
				CLANG_ENABLE_OBJC_ARC = YES;
				CLANG_ENABLE_OBJC_WEAK = YES;
				CLANG_WARN_BLOCK_CAPTURE_AUTORELEASING = YES;
				CLANG_WARN_BOOL_CONVERSION = YES;
				CLANG_WARN_COMMA = YES;
				CLANG_WARN_CONSTANT_CONVERSION = YES;
				CLANG_WARN_DEPRECATED_OBJC_IMPLEMENTATIONS = YES;
				CLANG_WARN_DIRECT_OBJC_ISA_USAGE = YES_ERROR;
				CLANG_WARN_DOCUMENTATION_COMMENTS = YES;
				CLANG_WARN_EMPTY_BODY = YES;
				CLANG_WARN_ENUM_CONVERSION = YES;
				CLANG_WARN_INFINITE_RECURSION = YES;
				CLANG_WARN_INT_CONVERSION = YES;
				CLANG_WARN_NON_LITERAL_NULL_CONVERSION = YES;
				CLANG_WARN_OBJC_IMPLICIT_RETAIN_SELF = YES;
				CLANG_WARN_OBJC_LITERAL_CONVERSION = YES;
				CLANG_WARN_OBJC_ROOT_CLASS = YES_ERROR;
				CLANG_WARN_RANGE_LOOP_ANALYSIS = YES;
				CLANG_WARN_STRICT_PROTOTYPES = YES;
				CLANG_WARN_SUSPICIOUS_MOVE = YES;
				CLANG_WARN_UNGUARDED_AVAILABILITY = YES_AGGRESSIVE;
				CLANG_WARN_UNREACHABLE_CODE = YES;
				CLANG_WARN__DUPLICATE_METHOD_MATCH = YES;
				CODE_SIGN_IDENTITY = "iPhone Developer";
				COPY_PHASE_STRIP = NO;
				DEBUG_INFORMATION_FORMAT = dwarf;
				ENABLE_STRICT_OBJC_MSGSEND = YES;
				ENABLE_TESTABILITY = YES;
				GCC_C_LANGUAGE_STANDARD = gnu11;
				GCC_DYNAMIC_NO_PIC = NO;
				GCC_NO_COMMON_BLOCKS = YES;
				GCC_OPTIMIZATION_LEVEL = 0;
				GCC_PREPROCESSOR_DEFINITIONS = (
					"DEBUG=1",
					"$(inherited)",
				);
				GCC_WARN_64_TO_32_BIT_CONVERSION = YES;
				GCC_WARN_ABOUT_RETURN_TYPE = YES_ERROR;
				GCC_WARN_UNDECLARED_SELECTOR = YES;
				GCC_WARN_UNINITIALIZED_AUTOS = YES_AGGRESSIVE;
				GCC_WARN_UNUSED_FUNCTION = YES;
				GCC_WARN_UNUSED_VARIABLE = YES;
				IPHONEOS_DEPLOYMENT_TARGET = 12.1;
				MTL_ENABLE_DEBUG_INFO = INCLUDE_SOURCE;
				MTL_FAST_MATH = YES;
				ONLY_ACTIVE_ARCH = YES;
				SDKROOT = iphoneos;
				SWIFT_ACTIVE_COMPILATION_CONDITIONS = DEBUG;
				SWIFT_OPTIMIZATION_LEVEL = "-Onone";
			};
			name = Debug;
		};
		48550E9C21E7E4F90055C35F /* Release */ = {
			isa = XCBuildConfiguration;
			buildSettings = {
				ALWAYS_SEARCH_USER_PATHS = NO;
				CLANG_ANALYZER_NONNULL = YES;
				CLANG_ANALYZER_NUMBER_OBJECT_CONVERSION = YES_AGGRESSIVE;
				CLANG_CXX_LANGUAGE_STANDARD = "gnu++14";
				CLANG_CXX_LIBRARY = "libc++";
				CLANG_ENABLE_MODULES = YES;
				CLANG_ENABLE_OBJC_ARC = YES;
				CLANG_ENABLE_OBJC_WEAK = YES;
				CLANG_WARN_BLOCK_CAPTURE_AUTORELEASING = YES;
				CLANG_WARN_BOOL_CONVERSION = YES;
				CLANG_WARN_COMMA = YES;
				CLANG_WARN_CONSTANT_CONVERSION = YES;
				CLANG_WARN_DEPRECATED_OBJC_IMPLEMENTATIONS = YES;
				CLANG_WARN_DIRECT_OBJC_ISA_USAGE = YES_ERROR;
				CLANG_WARN_DOCUMENTATION_COMMENTS = YES;
				CLANG_WARN_EMPTY_BODY = YES;
				CLANG_WARN_ENUM_CONVERSION = YES;
				CLANG_WARN_INFINITE_RECURSION = YES;
				CLANG_WARN_INT_CONVERSION = YES;
				CLANG_WARN_NON_LITERAL_NULL_CONVERSION = YES;
				CLANG_WARN_OBJC_IMPLICIT_RETAIN_SELF = YES;
				CLANG_WARN_OBJC_LITERAL_CONVERSION = YES;
				CLANG_WARN_OBJC_ROOT_CLASS = YES_ERROR;
				CLANG_WARN_RANGE_LOOP_ANALYSIS = YES;
				CLANG_WARN_STRICT_PROTOTYPES = YES;
				CLANG_WARN_SUSPICIOUS_MOVE = YES;
				CLANG_WARN_UNGUARDED_AVAILABILITY = YES_AGGRESSIVE;
				CLANG_WARN_UNREACHABLE_CODE = YES;
				CLANG_WARN__DUPLICATE_METHOD_MATCH = YES;
				CODE_SIGN_IDENTITY = "iPhone Developer";
				COPY_PHASE_STRIP = NO;
				DEBUG_INFORMATION_FORMAT = "dwarf-with-dsym";
				ENABLE_NS_ASSERTIONS = NO;
				ENABLE_STRICT_OBJC_MSGSEND = YES;
				GCC_C_LANGUAGE_STANDARD = gnu11;
				GCC_NO_COMMON_BLOCKS = YES;
				GCC_WARN_64_TO_32_BIT_CONVERSION = YES;
				GCC_WARN_ABOUT_RETURN_TYPE = YES_ERROR;
				GCC_WARN_UNDECLARED_SELECTOR = YES;
				GCC_WARN_UNINITIALIZED_AUTOS = YES_AGGRESSIVE;
				GCC_WARN_UNUSED_FUNCTION = YES;
				GCC_WARN_UNUSED_VARIABLE = YES;
				IPHONEOS_DEPLOYMENT_TARGET = 12.1;
				MTL_ENABLE_DEBUG_INFO = NO;
				MTL_FAST_MATH = YES;
				SDKROOT = iphoneos;
				SWIFT_COMPILATION_MODE = wholemodule;
				SWIFT_OPTIMIZATION_LEVEL = "-O";
				VALIDATE_PRODUCT = YES;
			};
			name = Release;
		};
		48550E9E21E7E4F90055C35F /* Debug */ = {
			isa = XCBuildConfiguration;
			buildSettings = {
				ASSETCATALOG_COMPILER_APPICON_NAME = AppIcon;
				CODE_SIGN_STYLE = Automatic;
				INFOPLIST_FILE = Friends/Info.plist;
				LD_RUNPATH_SEARCH_PATHS = (
					"$(inherited)",
					"@executable_path/Frameworks",
				);
				PRODUCT_BUNDLE_IDENTIFIER = com.Frulwinn.Friends;
				PRODUCT_NAME = "$(TARGET_NAME)";
				SWIFT_VERSION = 4.2;
				TARGETED_DEVICE_FAMILY = "1,2";
			};
			name = Debug;
		};
		48550E9F21E7E4F90055C35F /* Release */ = {
			isa = XCBuildConfiguration;
			buildSettings = {
				ASSETCATALOG_COMPILER_APPICON_NAME = AppIcon;
				CODE_SIGN_STYLE = Automatic;
				INFOPLIST_FILE = Friends/Info.plist;
				LD_RUNPATH_SEARCH_PATHS = (
					"$(inherited)",
					"@executable_path/Frameworks",
				);
				PRODUCT_BUNDLE_IDENTIFIER = com.Frulwinn.Friends;
				PRODUCT_NAME = "$(TARGET_NAME)";
				SWIFT_VERSION = 4.2;
				TARGETED_DEVICE_FAMILY = "1,2";
			};
			name = Release;
		};
/* End XCBuildConfiguration section */

/* Begin XCConfigurationList section */
		48550E8621E7E4F70055C35F /* Build configuration list for PBXProject "Friends" */ = {
			isa = XCConfigurationList;
			buildConfigurations = (
				48550E9B21E7E4F90055C35F /* Debug */,
				48550E9C21E7E4F90055C35F /* Release */,
			);
			defaultConfigurationIsVisible = 0;
			defaultConfigurationName = Release;
		};
		48550E9D21E7E4F90055C35F /* Build configuration list for PBXNativeTarget "Friends" */ = {
			isa = XCConfigurationList;
			buildConfigurations = (
				48550E9E21E7E4F90055C35F /* Debug */,
				48550E9F21E7E4F90055C35F /* Release */,
			);
			defaultConfigurationIsVisible = 0;
			defaultConfigurationName = Release;
		};
/* End XCConfigurationList section */
	};
	rootObject = 48550E8321E7E4F70055C35F /* Project object */;
}
